<?xml version="1.0" encoding="utf-8"?>
<Project ToolsVersion="4.0" xmlns="http://schemas.microsoft.com/developer/msbuild/2003">
  <ItemGroup>
    <Filter Include="Source Files">
      <UniqueIdentifier>{4FC737F1-C7A5-4376-A066-2A32D752A2FF}</UniqueIdentifier>
      <Extensions>cpp;c;cc;cxx;def;odl;idl;hpj;bat;asm;asmx</Extensions>
    </Filter>
    <Filter Include="Header Files">
      <UniqueIdentifier>{93995380-89BD-4b04-88EB-625FBE52EBFB}</UniqueIdentifier>
      <Extensions>h;hh;hpp;hxx;hm;inl;inc;ipp;xsd</Extensions>
    </Filter>
    <Filter Include="Resource Files">
      <UniqueIdentifier>{67DA6AB6-F800-4c08-8B7A-83BB121AAD01}</UniqueIdentifier>
      <Extensions>rc;ico;cur;bmp;dlg;rc2;rct;bin;rgs;gif;jpg;jpeg;jpe;resx;tiff;tif;png;wav;mfcribbon-ms</Extensions>
    </Filter>
    <Filter Include="Header Files\Tools">
      <UniqueIdentifier>{146970e2-beae-45e8-9b6e-e3d296f20443}</UniqueIdentifier>
    </Filter>
    <Filter Include="Source Files\Tools">
      <UniqueIdentifier>{26c33df6-c81d-456b-a4d5-d8c4cd01e71b}</UniqueIdentifier>
    </Filter>
    <Filter Include="Header Files\Windows">
      <UniqueIdentifier>{da9e57eb-f440-4b88-a3f9-1c32ea9891e7}</UniqueIdentifier>
    </Filter>
    <Filter Include="Source Files\Windows">
      <UniqueIdentifier>{9d6b3524-ffdd-4b73-8bab-41122b603bf4}</UniqueIdentifier>
    </Filter>
    <Filter Include="Source Files\Game">
      <UniqueIdentifier>{1f4b06b4-17c2-4544-8b6e-4b1f2c326096}</UniqueIdentifier>
    </Filter>
    <Filter Include="Source Files\Game\Graphics">
      <UniqueIdentifier>{117a1854-a649-410a-a79d-f8641749b736}</UniqueIdentifier>
    </Filter>
    <Filter Include="Header Files\Game">
      <UniqueIdentifier>{bae4b0c6-6b94-4172-bfc8-87a3edeb9adf}</UniqueIdentifier>
    </Filter>
    <Filter Include="Header Files\Game\Graphics">
      <UniqueIdentifier>{e710b4ea-37a9-4fe4-ad71-49bfd8fd8d46}</UniqueIdentifier>
    </Filter>
    <Filter Include="Header Files\Game\Resources">
      <UniqueIdentifier>{43f8aabb-dd4d-456b-ae7f-19ffbc6f0f3c}</UniqueIdentifier>
    </Filter>
    <Filter Include="Header Files\Game\Graphics\ImGUI">
      <UniqueIdentifier>{463581b5-1030-44df-8e9e-4235e4eac80f}</UniqueIdentifier>
    </Filter>
    <Filter Include="Source Files\Game\Graphics\ImGUI">
      <UniqueIdentifier>{35bad92f-f261-4177-b4d0-2bbfa99246d4}</UniqueIdentifier>
    </Filter>
    <Filter Include="Resource Files\Shaders">
      <UniqueIdentifier>{ccd6d062-eaa9-43c1-aa23-e008603c48df}</UniqueIdentifier>
    </Filter>
    <Filter Include="Resource Files\Shaders\Pixel">
      <UniqueIdentifier>{9fc8bfbc-5562-4f3b-9b31-9fd0462b7af2}</UniqueIdentifier>
    </Filter>
    <Filter Include="Resource Files\Shaders\Vertex">
      <UniqueIdentifier>{92902930-29fe-4241-ad50-827606c32d35}</UniqueIdentifier>
    </Filter>
    <Filter Include="Resource Files\Config">
      <UniqueIdentifier>{177facc7-9619-4e35-a028-d326488c570c}</UniqueIdentifier>
    </Filter>
  </ItemGroup>
  <ItemGroup>
    <ClCompile Include="Game\Graphics\AdapterHandler.cpp">
      <Filter>Source Files\Game\Graphics</Filter>
    </ClCompile>
    <ClCompile Include="Game\Application.cpp">
      <Filter>Source Files\Game</Filter>
    </ClCompile>
    <ClCompile Include="Tools\ErrorLogger.cpp">
      <Filter>Source Files\Tools</Filter>
    </ClCompile>
    <ClCompile Include="Tools\ExceptionHandler.cpp">
      <Filter>Source Files\Tools</Filter>
    </ClCompile>
    <ClCompile Include="Game\Graphics\GraphicsHandler.cpp">
      <Filter>Source Files\Game\Graphics</Filter>
    </ClCompile>
    <ClCompile Include="Windows\Keyboard.cpp">
      <Filter>Source Files\Windows</Filter>
    </ClCompile>
    <ClCompile Include="Windows\Mouse.cpp">
      <Filter>Source Files\Windows</Filter>
    </ClCompile>
    <ClCompile Include="Windows\Window.cpp">
      <Filter>Source Files\Windows</Filter>
    </ClCompile>
    <ClCompile Include="Tools\StringTools.cpp">
      <Filter>Source Files\Tools</Filter>
    </ClCompile>
    <ClCompile Include="Tools\Timer.cpp">
      <Filter>Source Files\Tools</Filter>
    </ClCompile>
    <ClCompile Include="Game\Graphics\Shader.cpp">
      <Filter>Source Files\Game\Graphics</Filter>
    </ClCompile>
    <ClCompile Include="WinMain.cpp">
      <Filter>Source Files\Windows</Filter>
    </ClCompile>
    <ClCompile Include="Game\Graphics\VertexShader.cpp">
      <Filter>Source Files\Game\Graphics</Filter>
    </ClCompile>
    <ClCompile Include="Game\Graphics\PixelShader.cpp">
      <Filter>Source Files\Game\Graphics</Filter>
    </ClCompile>
    <ClCompile Include="Game\Graphics\ImGUI\imgui.cpp">
      <Filter>Source Files\Game\Graphics\ImGUI</Filter>
    </ClCompile>
    <ClCompile Include="Game\Graphics\ImGUI\imgui_draw.cpp">
      <Filter>Source Files\Game\Graphics\ImGUI</Filter>
    </ClCompile>
    <ClCompile Include="Game\Graphics\ImGUI\imgui_impl_dx11.cpp">
      <Filter>Source Files\Game\Graphics\ImGUI</Filter>
    </ClCompile>
    <ClCompile Include="Game\Graphics\ImGUI\imgui_impl_win32.cpp">
      <Filter>Source Files\Game\Graphics\ImGUI</Filter>
    </ClCompile>
    <ClCompile Include="Game\Graphics\ImGUI\imgui_widgets.cpp">
      <Filter>Source Files\Game\Graphics\ImGUI</Filter>
    </ClCompile>
    <ClCompile Include="Game\Graphics\GameObject.cpp">
      <Filter>Source Files\Game\Graphics</Filter>
    </ClCompile>
    <ClCompile Include="Game\Graphics\Camera.cpp">
      <Filter>Source Files\Game\Graphics</Filter>
    </ClCompile>
  </ItemGroup>
  <ItemGroup>
    <ClInclude Include="Game\Graphics\AdapterHandler.h">
      <Filter>Header Files\Game\Graphics</Filter>
    </ClInclude>
    <ClInclude Include="Game\Application.h">
      <Filter>Header Files\Game</Filter>
    </ClInclude>
    <ClInclude Include="Tools\ExceptionHandler.h">
      <Filter>Header Files\Tools</Filter>
    </ClInclude>
    <ClInclude Include="Tools\ErrorLogger.h">
      <Filter>Header Files\Tools</Filter>
    </ClInclude>
    <ClInclude Include="Game\Graphics\GraphicsHandler.h">
      <Filter>Header Files\Game\Graphics</Filter>
    </ClInclude>
    <ClInclude Include="Tools\StrippedWindows.h">
      <Filter>Header Files\Tools</Filter>
    </ClInclude>
    <ClInclude Include="Windows\Keyboard.h">
      <Filter>Header Files\Windows</Filter>
    </ClInclude>
    <ClInclude Include="Windows\Mouse.h">
      <Filter>Header Files\Windows</Filter>
    </ClInclude>
    <ClInclude Include="Windows\Window.h">
      <Filter>Header Files\Windows</Filter>
    </ClInclude>
    <ClInclude Include="Tools\Timer.h">
      <Filter>Header Files\Tools</Filter>
    </ClInclude>
    <ClInclude Include="Tools\StringTools.h">
      <Filter>Header Files\Tools</Filter>
    </ClInclude>
    <ClInclude Include="Game\Graphics\Shader.h">
      <Filter>Header Files\Game\Graphics</Filter>
    </ClInclude>
    <ClInclude Include="Game\Graphics\VertexShader.h">
      <Filter>Header Files\Game\Graphics</Filter>
    </ClInclude>
    <ClInclude Include="Game\Graphics\PixelShader.h">
      <Filter>Header Files\Game\Graphics</Filter>
    </ClInclude>
    <ClInclude Include="Game\Graphics\VertexTypes.h">
      <Filter>Header Files\Game\Graphics</Filter>
    </ClInclude>
    <ClInclude Include="Game\Graphics\Buffer.h">
      <Filter>Header Files\Game\Graphics</Filter>
    </ClInclude>
    <ClInclude Include="Game\Resources\Config.h">
      <Filter>Header Files\Game\Resources</Filter>
    </ClInclude>
    <ClInclude Include="Game\Resources\resource.h">
      <Filter>Header Files\Game\Resources</Filter>
    </ClInclude>
    <ClInclude Include="Game\Graphics\VertexBuffer.h">
      <Filter>Header Files\Game\Graphics</Filter>
    </ClInclude>
    <ClInclude Include="Game\Graphics\IndexBuffer.h">
      <Filter>Header Files\Game\Graphics</Filter>
    </ClInclude>
    <ClInclude Include="Game\Graphics\ImGUI\imconfig.h">
      <Filter>Header Files\Game\Graphics\ImGUI</Filter>
    </ClInclude>
    <ClInclude Include="Game\Graphics\ImGUI\imgui.h">
      <Filter>Header Files\Game\Graphics\ImGUI</Filter>
    </ClInclude>
    <ClInclude Include="Game\Graphics\ImGUI\imgui_impl_dx11.h">
      <Filter>Header Files\Game\Graphics\ImGUI</Filter>
    </ClInclude>
    <ClInclude Include="Game\Graphics\ImGUI\imgui_impl_win32.h">
      <Filter>Header Files\Game\Graphics\ImGUI</Filter>
    </ClInclude>
    <ClInclude Include="Game\Graphics\ImGUI\imgui_internal.h">
      <Filter>Header Files\Game\Graphics\ImGUI</Filter>
    </ClInclude>
    <ClInclude Include="Game\Graphics\ImGUI\imstb_rectpack.h">
      <Filter>Header Files\Game\Graphics\ImGUI</Filter>
    </ClInclude>
    <ClInclude Include="Game\Graphics\ImGUI\imstb_textedit.h">
      <Filter>Header Files\Game\Graphics\ImGUI</Filter>
    </ClInclude>
    <ClInclude Include="Game\Graphics\ImGUI\imstb_truetype.h">
      <Filter>Header Files\Game\Graphics\ImGUI</Filter>
    </ClInclude>
    <ClInclude Include="Game\Graphics\GameObject.h">
      <Filter>Header Files\Game\Graphics</Filter>
    </ClInclude>
    <ClInclude Include="Game\Graphics\ConstantBufferTypes.h">
      <Filter>Header Files\Game\Graphics</Filter>
    </ClInclude>
    <ClInclude Include="Game\Graphics\ConstantBuffer.h">
      <Filter>Header Files\Game\Graphics</Filter>
    </ClInclude>
    <ClInclude Include="Game\Graphics\Camera.h">
      <Filter>Header Files\Game\Graphics</Filter>
    </ClInclude>
  </ItemGroup>
  <ItemGroup>
    <ResourceCompile Include="FluxEngine.rc">
      <Filter>Resource Files</Filter>
    </ResourceCompile>
  </ItemGroup>
  <ItemGroup>
    <Image Include="data\images\icon.ico">
      <Filter>Resource Files</Filter>
    </Image>
  </ItemGroup>
  <ItemGroup>
    <FxCompile Include="data\shaders\vertexShader_PosCol_3D.hlsl">
      <Filter>Resource Files\Shaders\Vertex</Filter>
    </FxCompile>
    <FxCompile Include="data\shaders\vertexShader_PosCol_2D.hlsl">
      <Filter>Resource Files\Shaders\Vertex</Filter>
    </FxCompile>
    <FxCompile Include="data\shaders\pixelShader_PosCol.hlsl">
      <Filter>Resource Files\Shaders\Pixel</Filter>
    </FxCompile>
  </ItemGroup>
  <ItemGroup>
    <None Include="data\config">
      <Filter>Resource Files\Config</Filter>
    </None>
  </ItemGroup>
</Project>