<?xml version="1.0" encoding="utf-8"?>
<Project ToolsVersion="4.0" xmlns="http://schemas.microsoft.com/developer/msbuild/2003">
  <ItemGroup>
    <FxCompile Include="data\shaders\vertexShader_ADS_Specular_Move.hlsl">
      <Filter>Resources\Shaders</Filter>
    </FxCompile>
    <FxCompile Include="data\shaders\pixelShader_ADS_Specular.hlsl">
      <Filter>Resources\Shaders</Filter>
    </FxCompile>
    <FxCompile Include="data\shaders\pixelShader_NoLight.hlsl">
      <Filter>Resources\Shaders</Filter>
    </FxCompile>
    <FxCompile Include="data\shaders\pixelShader_Skybox.hlsl">
      <Filter>Resources\Shaders</Filter>
    </FxCompile>
    <FxCompile Include="data\shaders\vertexShader_ADS_Specular.hlsl">
      <Filter>Resources\Shaders</Filter>
    </FxCompile>
  </ItemGroup>
  <ItemGroup>
    <ClCompile Include="Windows\Window.cpp">
      <Filter>Source\Windows</Filter>
    </ClCompile>
    <ClCompile Include="Tools\Timer.cpp">
      <Filter>Source\Tools</Filter>
    </ClCompile>
    <ClCompile Include="Tools\StringTools.cpp">
      <Filter>Source\Tools</Filter>
    </ClCompile>
    <ClCompile Include="Windows\Mouse.cpp">
      <Filter>Source\Windows</Filter>
    </ClCompile>
    <ClCompile Include="Windows\Keyboard.cpp">
      <Filter>Source\Windows</Filter>
    </ClCompile>
    <ClCompile Include="Tools\ErrorLogger.cpp">
      <Filter>Source\Tools</Filter>
    </ClCompile>
    <ClCompile Include="Tools\ExceptionHandler.cpp">
      <Filter>Source\Tools</Filter>
    </ClCompile>
    <ClCompile Include="Application\WinMain.cpp">
      <Filter>Source\Application</Filter>
    </ClCompile>
    <ClCompile Include="Application\Application.cpp">
      <Filter>Source\Application</Filter>
    </ClCompile>
    <ClCompile Include="Engine\Externals\ImGUI\imgui.cpp">
      <Filter>Source\Engine\Externals\ImGUI</Filter>
    </ClCompile>
    <ClCompile Include="Engine\Externals\ImGUI\imgui_draw.cpp">
      <Filter>Source\Engine\Externals\ImGUI</Filter>
    </ClCompile>
    <ClCompile Include="Engine\Externals\ImGUI\imgui_impl_dx11.cpp">
      <Filter>Source\Engine\Externals\ImGUI</Filter>
    </ClCompile>
    <ClCompile Include="Engine\Externals\ImGUI\imgui_impl_win32.cpp">
      <Filter>Source\Engine\Externals\ImGUI</Filter>
    </ClCompile>
    <ClCompile Include="Engine\Externals\ImGUI\imgui_widgets.cpp">
      <Filter>Source\Engine\Externals\ImGUI</Filter>
    </ClCompile>
    <ClCompile Include="Engine\Buffers and Shaders\PixelShader.cpp">
      <Filter>Source\Engine\Buffers and Shaders</Filter>
    </ClCompile>
    <ClCompile Include="Engine\Buffers and Shaders\Shader.cpp">
      <Filter>Source\Engine\Buffers and Shaders</Filter>
    </ClCompile>
    <ClCompile Include="Engine\Buffers and Shaders\VertexShader.cpp">
      <Filter>Source\Engine\Buffers and Shaders</Filter>
    </ClCompile>
    <ClCompile Include="Engine\DirectX\AdapterHandler.cpp">
      <Filter>Source\Engine\DirectX</Filter>
    </ClCompile>
    <ClCompile Include="Engine\DirectX\GraphicsHandler.cpp">
      <Filter>Source\Engine\DirectX</Filter>
    </ClCompile>
    <ClCompile Include="Engine\Game Objects\Camera.cpp">
      <Filter>Source\Engine\Game Objects</Filter>
    </ClCompile>
    <ClCompile Include="Engine\Game Objects\GameObject.cpp">
      <Filter>Source\Engine\Game Objects</Filter>
    </ClCompile>
    <ClCompile Include="Engine\Game Objects\Model Data\Color.cpp">
      <Filter>Source\Engine\Game Objects\Model Data</Filter>
    </ClCompile>
    <ClCompile Include="Engine\Game Objects\Model Data\Mesh.cpp">
      <Filter>Source\Engine\Game Objects\Model Data</Filter>
    </ClCompile>
    <ClCompile Include="Engine\Game Objects\Model Data\Model.cpp">
      <Filter>Source\Engine\Game Objects\Model Data</Filter>
    </ClCompile>
    <ClCompile Include="Engine\Game Objects\Model Data\Texture.cpp">
      <Filter>Source\Engine\Game Objects\Model Data</Filter>
    </ClCompile>
    <ClCompile Include="Engine\Game Objects\Lights\DirectionalLight.cpp">
      <Filter>Source\Engine\Game Objects\Lights</Filter>
    </ClCompile>
    <ClCompile Include="Engine\Game Objects\Lights\PointLight.cpp">
      <Filter>Source\Engine\Game Objects\Lights</Filter>
    </ClCompile>
    <ClCompile Include="Engine\Game Objects\PropObject.cpp">
      <Filter>Source\Engine\Game Objects</Filter>
    </ClCompile>
    <ClCompile Include="Engine\Physics\CollisionHandler.cpp">
      <Filter>Source\Engine\Physics</Filter>
    </ClCompile>
    <ClCompile Include="Engine\Game Objects\Transform.cpp">
      <Filter>Source\Engine\Game Objects</Filter>
    </ClCompile>
  </ItemGroup>
  <ItemGroup>
    <ClInclude Include="Windows\Window.h">
      <Filter>Headers\Windows</Filter>
    </ClInclude>
    <ClInclude Include="Windows\Keyboard.h">
      <Filter>Headers\Windows</Filter>
    </ClInclude>
    <ClInclude Include="Windows\Mouse.h">
      <Filter>Headers\Windows</Filter>
    </ClInclude>
    <ClInclude Include="Tools\ErrorLogger.h">
      <Filter>Headers\Tools</Filter>
    </ClInclude>
    <ClInclude Include="Tools\ExceptionHandler.h">
      <Filter>Headers\Tools</Filter>
    </ClInclude>
    <ClInclude Include="Tools\StringTools.h">
      <Filter>Headers\Tools</Filter>
    </ClInclude>
    <ClInclude Include="Tools\StrippedWindows.h">
      <Filter>Headers\Tools</Filter>
    </ClInclude>
    <ClInclude Include="Tools\Timer.h">
      <Filter>Headers\Tools</Filter>
    </ClInclude>
    <ClInclude Include="Application\Application.h">
      <Filter>Headers\Application</Filter>
    </ClInclude>
    <ClInclude Include="Resources\Config.h">
      <Filter>Headers\Application</Filter>
    </ClInclude>
    <ClInclude Include="Resources\resource.h">
      <Filter>Headers\Resources</Filter>
    </ClInclude>
    <ClInclude Include="Engine\Bindables\Bindable.h">
      <Filter>Headers\Engine\Bindables</Filter>
    </ClInclude>
    <ClInclude Include="Engine\Bindables\RasterizerState.h">
      <Filter>Headers\Engine\Bindables</Filter>
    </ClInclude>
    <ClInclude Include="Engine\Buffers and Shaders\Buffer.h">
      <Filter>Headers\Engine\Buffers and Shaders</Filter>
    </ClInclude>
    <ClInclude Include="Engine\Buffers and Shaders\ConstantBuffer.h">
      <Filter>Headers\Engine\Buffers and Shaders</Filter>
    </ClInclude>
    <ClInclude Include="Engine\Buffers and Shaders\ConstantBufferTypes.h">
      <Filter>Headers\Engine\Buffers and Shaders</Filter>
    </ClInclude>
    <ClInclude Include="Engine\Buffers and Shaders\IndexBuffer.h">
      <Filter>Headers\Engine\Buffers and Shaders</Filter>
    </ClInclude>
    <ClInclude Include="Engine\Buffers and Shaders\PixelShader.h">
      <Filter>Headers\Engine\Buffers and Shaders</Filter>
    </ClInclude>
    <ClInclude Include="Engine\Buffers and Shaders\Shader.h">
      <Filter>Headers\Engine\Buffers and Shaders</Filter>
    </ClInclude>
    <ClInclude Include="Engine\Buffers and Shaders\VertexBuffer.h">
      <Filter>Headers\Engine\Buffers and Shaders</Filter>
    </ClInclude>
    <ClInclude Include="Engine\Buffers and Shaders\VertexShader.h">
      <Filter>Headers\Engine\Buffers and Shaders</Filter>
    </ClInclude>
    <ClInclude Include="Engine\Buffers and Shaders\VertexTypes.h">
      <Filter>Headers\Engine\Buffers and Shaders</Filter>
    </ClInclude>
    <ClInclude Include="Engine\DirectX\AdapterHandler.h">
      <Filter>Headers\Engine\DirectX</Filter>
    </ClInclude>
    <ClInclude Include="Engine\DirectX\GraphicsHandler.h">
      <Filter>Headers\Engine\DirectX</Filter>
    </ClInclude>
    <ClInclude Include="Engine\Game Objects\Camera.h">
      <Filter>Headers\Engine\Game Objects</Filter>
    </ClInclude>
    <ClInclude Include="Engine\Game Objects\GameObject.h">
      <Filter>Headers\Engine\Game Objects</Filter>
    </ClInclude>
    <ClInclude Include="Engine\Game Objects\Model Data\Color.h">
      <Filter>Headers\Engine\Game Objects\Model Data</Filter>
    </ClInclude>
    <ClInclude Include="Engine\Game Objects\Model Data\Mesh.h">
      <Filter>Headers\Engine\Game Objects\Model Data</Filter>
    </ClInclude>
    <ClInclude Include="Engine\Game Objects\Model Data\Model.h">
      <Filter>Headers\Engine\Game Objects\Model Data</Filter>
    </ClInclude>
    <ClInclude Include="Engine\Game Objects\Model Data\Texture.h">
      <Filter>Headers\Engine\Game Objects\Model Data</Filter>
    </ClInclude>
    <ClInclude Include="Engine\Game Objects\Lights\DirectionalLight.h">
      <Filter>Headers\Engine\Game Objects\Lights</Filter>
    </ClInclude>
    <ClInclude Include="Engine\Game Objects\Lights\Light.h">
      <Filter>Headers\Engine\Game Objects\Lights</Filter>
    </ClInclude>
    <ClInclude Include="Engine\Game Objects\Lights\PointLight.h">
      <Filter>Headers\Engine\Game Objects\Lights</Filter>
    </ClInclude>
    <ClInclude Include="Engine\Game Objects\PropObject.h">
      <Filter>Headers\Engine\Game Objects</Filter>
    </ClInclude>
    <ClInclude Include="Engine\Physics\CollisionHandler.h">
      <Filter>Headers\Engine\Physics</Filter>
    </ClInclude>
    <ClInclude Include="Engine\Game Objects\Transform.h">
      <Filter>Headers\Engine\Game Objects</Filter>
    </ClInclude>
  </ItemGroup>
  <ItemGroup>
    <Filter Include="Headers">
      <UniqueIdentifier>{82dfda49-16d9-42ef-b2c5-9f9ee86a1ea0}</UniqueIdentifier>
    </Filter>
    <Filter Include="Source">
      <UniqueIdentifier>{aaf31d25-b779-4257-ac20-f1a4d9f751cb}</UniqueIdentifier>
    </Filter>
    <Filter Include="Headers\Windows">
      <UniqueIdentifier>{65a2fe9c-8de6-47f1-8ed3-90bbeb5b19f3}</UniqueIdentifier>
    </Filter>
    <Filter Include="Headers\Application">
      <UniqueIdentifier>{24b1a4b7-51b4-4877-872d-5ddb5b539f2a}</UniqueIdentifier>
    </Filter>
    <Filter Include="Headers\Engine">
      <UniqueIdentifier>{5e83d0f4-4767-4a50-9aba-0f10080dc797}</UniqueIdentifier>
    </Filter>
    <Filter Include="Headers\Tools">
      <UniqueIdentifier>{ecb04f80-c9d8-45c9-b588-9a3160044bc7}</UniqueIdentifier>
    </Filter>
    <Filter Include="Headers\Resources">
      <UniqueIdentifier>{3b0438ae-c118-4666-90ba-3e249e994009}</UniqueIdentifier>
    </Filter>
    <Filter Include="Headers\Engine\DirectX">
      <UniqueIdentifier>{7d5ae58a-19e8-469c-bf0b-5ad281289be8}</UniqueIdentifier>
    </Filter>
    <Filter Include="Headers\Engine\Game Objects">
      <UniqueIdentifier>{6cf05262-1f8b-4c42-a940-1b6f5cb7931a}</UniqueIdentifier>
    </Filter>
    <Filter Include="Headers\Engine\Game Objects\Model Data">
      <UniqueIdentifier>{9fc99261-b863-4b9f-83ec-dd23dcc091f4}</UniqueIdentifier>
    </Filter>
    <Filter Include="Source\Application">
      <UniqueIdentifier>{e186bf86-a345-4d2d-b4d8-656bdf661052}</UniqueIdentifier>
    </Filter>
    <Filter Include="Source\Engine">
      <UniqueIdentifier>{ad56c100-1369-4790-8472-8ed8c65c9585}</UniqueIdentifier>
    </Filter>
    <Filter Include="Source\Tools">
      <UniqueIdentifier>{7c946046-e20d-4267-8226-a7737f5e9f09}</UniqueIdentifier>
    </Filter>
    <Filter Include="Source\Windows">
      <UniqueIdentifier>{46d20a55-91c6-4b99-8fa0-414a3f3e5d68}</UniqueIdentifier>
    </Filter>
    <Filter Include="Source\Engine\Externals">
      <UniqueIdentifier>{49d4bd3f-241d-4a74-bab7-3bba5c445dd5}</UniqueIdentifier>
    </Filter>
    <Filter Include="Source\Engine\Externals\ImGUI">
      <UniqueIdentifier>{88a7abaa-d7bc-4292-987a-8335c3fe36d3}</UniqueIdentifier>
    </Filter>
    <Filter Include="Headers\Engine\Bindables">
      <UniqueIdentifier>{913da456-e2b0-4801-96c7-8843a299e959}</UniqueIdentifier>
    </Filter>
    <Filter Include="Headers\Engine\Buffers and Shaders">
      <UniqueIdentifier>{b89e73da-6c5b-4198-8f7f-fcd81b47a5ba}</UniqueIdentifier>
    </Filter>
    <Filter Include="Source\Engine\Buffers and Shaders">
      <UniqueIdentifier>{f98ab9e2-c895-4f9b-baad-ed7393ca376c}</UniqueIdentifier>
    </Filter>
    <Filter Include="Source\Engine\DirectX">
      <UniqueIdentifier>{64983cba-469c-4066-961b-307a05857e8b}</UniqueIdentifier>
    </Filter>
    <Filter Include="Source\Engine\Game Objects">
      <UniqueIdentifier>{9e783377-1f72-48cd-9b56-4ef05a8edd44}</UniqueIdentifier>
    </Filter>
    <Filter Include="Source\Engine\Game Objects\Model Data">
      <UniqueIdentifier>{09a0b422-3b82-4a78-b7de-636ae582b900}</UniqueIdentifier>
    </Filter>
    <Filter Include="Headers\Engine\Game Objects\Lights">
      <UniqueIdentifier>{48c0e407-5118-44f0-aa96-67f2a56450a9}</UniqueIdentifier>
    </Filter>
    <Filter Include="Source\Engine\Game Objects\Lights">
      <UniqueIdentifier>{6918de7b-a184-4336-aaf1-793f27bef179}</UniqueIdentifier>
    </Filter>
    <Filter Include="Resources">
      <UniqueIdentifier>{a0e543c4-34b8-4ed6-8cef-a754ed849d25}</UniqueIdentifier>
    </Filter>
    <Filter Include="Resources\Shaders">
      <UniqueIdentifier>{d6607cdb-a31e-4850-9376-3edf13298f48}</UniqueIdentifier>
    </Filter>
    <Filter Include="Headers\Engine\Physics">
      <UniqueIdentifier>{06112ff3-6df9-4610-b482-84a775f4b481}</UniqueIdentifier>
    </Filter>
    <Filter Include="Source\Engine\Physics">
      <UniqueIdentifier>{f3b56af5-d281-4bea-a5d0-465417ff2e8e}</UniqueIdentifier>
    </Filter>
  </ItemGroup>
  <ItemGroup>
    <None Include="data\config">
      <Filter>Resources</Filter>
    </None>
  </ItemGroup>
  <ItemGroup>
    <Image Include="data\images\icon.ico">
      <Filter>Resources</Filter>
    </Image>
  </ItemGroup>
  <ItemGroup>
    <ResourceCompile Include="FluxEngine.rc">
      <Filter>Resources</Filter>
    </ResourceCompile>
  </ItemGroup>
</Project>